// !$*UTF8*$!
{
	archiveVersion = 1;
	classes = {
	};
	objectVersion = 50;
	objects = {

/* Begin PBXBuildFile section */
		42051A6720AE335A0036AD7F /* RootRouter.swift in Sources */ = {isa = PBXBuildFile; fileRef = 42051A6220AE335A0036AD7F /* RootRouter.swift */; };
		42051A6820AE335A0036AD7F /* RootPresenter.swift in Sources */ = {isa = PBXBuildFile; fileRef = 42051A6420AE335A0036AD7F /* RootPresenter.swift */; };
		42051A6920AE335A0036AD7F /* RootContract.swift in Sources */ = {isa = PBXBuildFile; fileRef = 42051A6620AE335A0036AD7F /* RootContract.swift */; };
		42051A8920B0416D0036AD7F /* HeroDataProvider.swift in Sources */ = {isa = PBXBuildFile; fileRef = 42051A8820B0416D0036AD7F /* HeroDataProvider.swift */; };
		42051A8B20B041950036AD7F /* HeroProvider.swift in Sources */ = {isa = PBXBuildFile; fileRef = 42051A8A20B041950036AD7F /* HeroProvider.swift */; };
		42051A8D20B041DA0036AD7F /* Hero.swift in Sources */ = {isa = PBXBuildFile; fileRef = 42051A8C20B041DA0036AD7F /* Hero.swift */; };
		42051A9020B044BC0036AD7F /* DataContainer.swift in Sources */ = {isa = PBXBuildFile; fileRef = 42051A8F20B044BC0036AD7F /* DataContainer.swift */; };
		42051A9320B04AC80036AD7F /* BaseDataProvider.swift in Sources */ = {isa = PBXBuildFile; fileRef = 42051A9220B04AC80036AD7F /* BaseDataProvider.swift */; };
		42051A9820B0511B0036AD7F /* BaseProviderTest.swift in Sources */ = {isa = PBXBuildFile; fileRef = 42051A9720B0511B0036AD7F /* BaseProviderTest.swift */; };
		42051A9B20B092510036AD7F /* HeroCell.swift in Sources */ = {isa = PBXBuildFile; fileRef = 42051A9A20B092510036AD7F /* HeroCell.swift */; };
		42051A9D20B093EA0036AD7F /* Collection.swift in Sources */ = {isa = PBXBuildFile; fileRef = 42051A9C20B093EA0036AD7F /* Collection.swift */; };
		42051AA120B09B980036AD7F /* Thumbnail.swift in Sources */ = {isa = PBXBuildFile; fileRef = 42051AA020B09B980036AD7F /* Thumbnail.swift */; };
		42051AA320B0A4940036AD7F /* HeroCell.xib in Resources */ = {isa = PBXBuildFile; fileRef = 42051AA220B0A4940036AD7F /* HeroCell.xib */; };
		42051AA520B0ABEA0036AD7F /* SpinnerCell.swift in Sources */ = {isa = PBXBuildFile; fileRef = 42051AA420B0ABEA0036AD7F /* SpinnerCell.swift */; };
		42051AA720B0AC4E0036AD7F /* SpinnerCell.xib in Resources */ = {isa = PBXBuildFile; fileRef = 42051AA620B0AC4E0036AD7F /* SpinnerCell.xib */; };
		42051AA920B0ACEC0036AD7F /* UITableView.swift in Sources */ = {isa = PBXBuildFile; fileRef = 42051AA820B0ACEC0036AD7F /* UITableView.swift */; };
		42051AAB20B0BC080036AD7F /* ImageDataProvider.swift in Sources */ = {isa = PBXBuildFile; fileRef = 42051AAA20B0BC080036AD7F /* ImageDataProvider.swift */; };
		422F0B3020B35358002D404A /* HeroDetailInteractorTest.swift in Sources */ = {isa = PBXBuildFile; fileRef = 422F0B2F20B35358002D404A /* HeroDetailInteractorTest.swift */; };
		422F0B3420B35D02002D404A /* HeroListPresenterTest.swift in Sources */ = {isa = PBXBuildFile; fileRef = 422F0B3320B35D02002D404A /* HeroListPresenterTest.swift */; };
		429AD8A020B364E600A7CC50 /* DataContainer.json in Resources */ = {isa = PBXBuildFile; fileRef = 429AD89F20B364E600A7CC50 /* DataContainer.json */; };
		42A15ED820B1845E0053359C /* Comic.swift in Sources */ = {isa = PBXBuildFile; fileRef = 42A15ED720B1845E0053359C /* Comic.swift */; };
		42A15EDA20B184800053359C /* Story.swift in Sources */ = {isa = PBXBuildFile; fileRef = 42A15ED920B184800053359C /* Story.swift */; };
		42A15EDC20B184AE0053359C /* Events.swift in Sources */ = {isa = PBXBuildFile; fileRef = 42A15EDB20B184AE0053359C /* Events.swift */; };
		42A15EDE20B184C40053359C /* Series.swift in Sources */ = {isa = PBXBuildFile; fileRef = 42A15EDD20B184C40053359C /* Series.swift */; };
		42A15EF420B18D9C0053359C /* HeroDetailPresenter.swift in Sources */ = {isa = PBXBuildFile; fileRef = 42A15EEB20B18D9C0053359C /* HeroDetailPresenter.swift */; };
		42A15EF520B18D9C0053359C /* HeroDetailRouter.swift in Sources */ = {isa = PBXBuildFile; fileRef = 42A15EED20B18D9C0053359C /* HeroDetailRouter.swift */; };
		42A15EF620B18D9C0053359C /* HeroDetailContract.swift in Sources */ = {isa = PBXBuildFile; fileRef = 42A15EEF20B18D9C0053359C /* HeroDetailContract.swift */; };
		42A15EF720B18D9C0053359C /* HeroDetailViewController.swift in Sources */ = {isa = PBXBuildFile; fileRef = 42A15EF120B18D9C0053359C /* HeroDetailViewController.swift */; };
		42A15EF820B18D9C0053359C /* HeroDetailInteractor.swift in Sources */ = {isa = PBXBuildFile; fileRef = 42A15EF320B18D9C0053359C /* HeroDetailInteractor.swift */; };
		42A15EFA20B18DAA0053359C /* HeroDetail.storyboard in Resources */ = {isa = PBXBuildFile; fileRef = 42A15EF920B18DAA0053359C /* HeroDetail.storyboard */; };
		42A15EFD20B197F70053359C /* UIImageView.swift in Sources */ = {isa = PBXBuildFile; fileRef = 42A15EFC20B197F70053359C /* UIImageView.swift */; };
		42A15F0420B19AF60053359C /* BaseProvider.swift in Sources */ = {isa = PBXBuildFile; fileRef = 42A15F0320B19AF60053359C /* BaseProvider.swift */; };
		42A15F0620B1B0870053359C /* SeriesDataProvider.swift in Sources */ = {isa = PBXBuildFile; fileRef = 42A15F0520B1B0870053359C /* SeriesDataProvider.swift */; };
		42A15F0820B1B0AB0053359C /* SeriesProvider.swift in Sources */ = {isa = PBXBuildFile; fileRef = 42A15F0720B1B0AB0053359C /* SeriesProvider.swift */; };
		42A15F0B20B1BC0D0053359C /* EventProvider.swift in Sources */ = {isa = PBXBuildFile; fileRef = 42A15F0920B1BC0D0053359C /* EventProvider.swift */; };
		42A15F0C20B1BC0D0053359C /* EventDataProvider.swift in Sources */ = {isa = PBXBuildFile; fileRef = 42A15F0A20B1BC0D0053359C /* EventDataProvider.swift */; };
		42A15F0F20B1C0C00053359C /* ComicProvider.swift in Sources */ = {isa = PBXBuildFile; fileRef = 42A15F0D20B1C0C00053359C /* ComicProvider.swift */; };
		42A15F1020B1C0C00053359C /* ComicDataProvider.swift in Sources */ = {isa = PBXBuildFile; fileRef = 42A15F0E20B1C0C00053359C /* ComicDataProvider.swift */; };
		42A15F1320B1C4350053359C /* StoryDataProvider.swift in Sources */ = {isa = PBXBuildFile; fileRef = 42A15F1120B1C4350053359C /* StoryDataProvider.swift */; };
		42A15F1420B1C4350053359C /* StoryProvider.swift in Sources */ = {isa = PBXBuildFile; fileRef = 42A15F1220B1C4350053359C /* StoryProvider.swift */; };
		42A15F1620B1D1AA0053359C /* HeroDetailPresenterTest.swift in Sources */ = {isa = PBXBuildFile; fileRef = 42A15F1520B1D1AA0053359C /* HeroDetailPresenterTest.swift */; };
		42A15F1920B1E59B0053359C /* 3DMan.json in Resources */ = {isa = PBXBuildFile; fileRef = 42A15F1820B1E59B0053359C /* 3DMan.json */; };
		42A15F1C20B1E6320053359C /* XCTestCase.swift in Sources */ = {isa = PBXBuildFile; fileRef = 42A15F1B20B1E6320053359C /* XCTestCase.swift */; };
		42A15F2020B1F3730053359C /* DetailsCell.swift in Sources */ = {isa = PBXBuildFile; fileRef = 42A15F1E20B1F3730053359C /* DetailsCell.swift */; };
		42A15F2120B1F3730053359C /* DetailsCell.xib in Resources */ = {isa = PBXBuildFile; fileRef = 42A15F1F20B1F3730053359C /* DetailsCell.xib */; };
		42A15F2420B206970053359C /* EmptyHero.json in Resources */ = {isa = PBXBuildFile; fileRef = 42A15F2320B206970053359C /* EmptyHero.json */; };
		42FB15EF20ADF6CD00C2CC12 /* AppDelegate.swift in Sources */ = {isa = PBXBuildFile; fileRef = 42FB15EE20ADF6CD00C2CC12 /* AppDelegate.swift */; };
		42FB15F620ADF6CF00C2CC12 /* Assets.xcassets in Resources */ = {isa = PBXBuildFile; fileRef = 42FB15F520ADF6CF00C2CC12 /* Assets.xcassets */; };
		42FB15F920ADF6CF00C2CC12 /* LaunchScreen.storyboard in Resources */ = {isa = PBXBuildFile; fileRef = 42FB15F720ADF6CF00C2CC12 /* LaunchScreen.storyboard */; };
		42FB160F20ADF6CF00C2CC12 /* MarvelHeroesUITests.swift in Sources */ = {isa = PBXBuildFile; fileRef = 42FB160E20ADF6CF00C2CC12 /* MarvelHeroesUITests.swift */; };
		42FB162020ADF86800C2CC12 /* IdentifiableNib.swift in Sources */ = {isa = PBXBuildFile; fileRef = 42FB161F20ADF86800C2CC12 /* IdentifiableNib.swift */; };
		42FB162420ADF8E300C2CC12 /* UIStoryboard.swift in Sources */ = {isa = PBXBuildFile; fileRef = 42FB162320ADF8E300C2CC12 /* UIStoryboard.swift */; };
		42FB162D20ADFE5A00C2CC12 /* HeroListContract.swift in Sources */ = {isa = PBXBuildFile; fileRef = 42FB162C20ADFE5A00C2CC12 /* HeroListContract.swift */; };
		42FB162F20ADFEB000C2CC12 /* HeroListInteractor.swift in Sources */ = {isa = PBXBuildFile; fileRef = 42FB162E20ADFEB000C2CC12 /* HeroListInteractor.swift */; };
		42FB163120ADFFD200C2CC12 /* HeroListPresenter.swift in Sources */ = {isa = PBXBuildFile; fileRef = 42FB163020ADFFD200C2CC12 /* HeroListPresenter.swift */; };
		42FB163420AE012800C2CC12 /* HeroList.swift in Sources */ = {isa = PBXBuildFile; fileRef = 42FB163320AE012800C2CC12 /* HeroList.swift */; };
		42FB163620AE017E00C2CC12 /* HeroListViewController.swift in Sources */ = {isa = PBXBuildFile; fileRef = 42FB163520AE017E00C2CC12 /* HeroListViewController.swift */; };
		42FB163A20AE025100C2CC12 /* HeroList.storyboard in Resources */ = {isa = PBXBuildFile; fileRef = 42FB163920AE025100C2CC12 /* HeroList.storyboard */; };
/* End PBXBuildFile section */

/* Begin PBXContainerItemProxy section */
		42FB160020ADF6CF00C2CC12 /* PBXContainerItemProxy */ = {
			isa = PBXContainerItemProxy;
			containerPortal = 42FB15E320ADF6CD00C2CC12 /* Project object */;
			proxyType = 1;
			remoteGlobalIDString = 42FB15EA20ADF6CD00C2CC12;
			remoteInfo = MarvelHeros;
		};
		42FB160B20ADF6CF00C2CC12 /* PBXContainerItemProxy */ = {
			isa = PBXContainerItemProxy;
			containerPortal = 42FB15E320ADF6CD00C2CC12 /* Project object */;
			proxyType = 1;
			remoteGlobalIDString = 42FB15EA20ADF6CD00C2CC12;
			remoteInfo = MarvelHeros;
		};
/* End PBXContainerItemProxy section */

/* Begin PBXFileReference section */
		42051A6220AE335A0036AD7F /* RootRouter.swift */ = {isa = PBXFileReference; fileEncoding = 4; lastKnownFileType = sourcecode.swift; path = RootRouter.swift; sourceTree = "<group>"; };
		42051A6420AE335A0036AD7F /* RootPresenter.swift */ = {isa = PBXFileReference; fileEncoding = 4; lastKnownFileType = sourcecode.swift; path = RootPresenter.swift; sourceTree = "<group>"; };
		42051A6620AE335A0036AD7F /* RootContract.swift */ = {isa = PBXFileReference; fileEncoding = 4; lastKnownFileType = sourcecode.swift; path = RootContract.swift; sourceTree = "<group>"; };
		42051A8820B0416D0036AD7F /* HeroDataProvider.swift */ = {isa = PBXFileReference; lastKnownFileType = sourcecode.swift; path = HeroDataProvider.swift; sourceTree = "<group>"; };
		42051A8A20B041950036AD7F /* HeroProvider.swift */ = {isa = PBXFileReference; lastKnownFileType = sourcecode.swift; path = HeroProvider.swift; sourceTree = "<group>"; };
		42051A8C20B041DA0036AD7F /* Hero.swift */ = {isa = PBXFileReference; lastKnownFileType = sourcecode.swift; path = Hero.swift; sourceTree = "<group>"; };
		42051A8F20B044BC0036AD7F /* DataContainer.swift */ = {isa = PBXFileReference; lastKnownFileType = sourcecode.swift; path = DataContainer.swift; sourceTree = "<group>"; };
		42051A9220B04AC80036AD7F /* BaseDataProvider.swift */ = {isa = PBXFileReference; lastKnownFileType = sourcecode.swift; path = BaseDataProvider.swift; sourceTree = "<group>"; };
		42051A9720B0511B0036AD7F /* BaseProviderTest.swift */ = {isa = PBXFileReference; lastKnownFileType = sourcecode.swift; path = BaseProviderTest.swift; sourceTree = "<group>"; };
		42051A9A20B092510036AD7F /* HeroCell.swift */ = {isa = PBXFileReference; lastKnownFileType = sourcecode.swift; path = HeroCell.swift; sourceTree = "<group>"; };
		42051A9C20B093EA0036AD7F /* Collection.swift */ = {isa = PBXFileReference; lastKnownFileType = sourcecode.swift; path = Collection.swift; sourceTree = "<group>"; };
		42051AA020B09B980036AD7F /* Thumbnail.swift */ = {isa = PBXFileReference; lastKnownFileType = sourcecode.swift; path = Thumbnail.swift; sourceTree = "<group>"; };
		42051AA220B0A4940036AD7F /* HeroCell.xib */ = {isa = PBXFileReference; lastKnownFileType = file.xib; path = HeroCell.xib; sourceTree = "<group>"; };
		42051AA420B0ABEA0036AD7F /* SpinnerCell.swift */ = {isa = PBXFileReference; lastKnownFileType = sourcecode.swift; path = SpinnerCell.swift; sourceTree = "<group>"; };
		42051AA620B0AC4E0036AD7F /* SpinnerCell.xib */ = {isa = PBXFileReference; lastKnownFileType = file.xib; path = SpinnerCell.xib; sourceTree = "<group>"; };
		42051AA820B0ACEC0036AD7F /* UITableView.swift */ = {isa = PBXFileReference; fileEncoding = 4; lastKnownFileType = sourcecode.swift; path = UITableView.swift; sourceTree = "<group>"; };
		42051AAA20B0BC080036AD7F /* ImageDataProvider.swift */ = {isa = PBXFileReference; lastKnownFileType = sourcecode.swift; path = ImageDataProvider.swift; sourceTree = "<group>"; };
		422F0B2F20B35358002D404A /* HeroDetailInteractorTest.swift */ = {isa = PBXFileReference; lastKnownFileType = sourcecode.swift; path = HeroDetailInteractorTest.swift; sourceTree = "<group>"; };
		422F0B3320B35D02002D404A /* HeroListPresenterTest.swift */ = {isa = PBXFileReference; lastKnownFileType = sourcecode.swift; path = HeroListPresenterTest.swift; sourceTree = "<group>"; };
		429AD89F20B364E600A7CC50 /* DataContainer.json */ = {isa = PBXFileReference; lastKnownFileType = text.json; path = DataContainer.json; sourceTree = "<group>"; };
		429AD8A120B3718200A7CC50 /* MarvelHeroes-Bridging-Header.h */ = {isa = PBXFileReference; lastKnownFileType = sourcecode.c.h; path = "MarvelHeroes-Bridging-Header.h"; sourceTree = "<group>"; };
		42A15ED720B1845E0053359C /* Comic.swift */ = {isa = PBXFileReference; lastKnownFileType = sourcecode.swift; path = Comic.swift; sourceTree = "<group>"; };
		42A15ED920B184800053359C /* Story.swift */ = {isa = PBXFileReference; lastKnownFileType = sourcecode.swift; path = Story.swift; sourceTree = "<group>"; };
		42A15EDB20B184AE0053359C /* Events.swift */ = {isa = PBXFileReference; lastKnownFileType = sourcecode.swift; path = Events.swift; sourceTree = "<group>"; };
		42A15EDD20B184C40053359C /* Series.swift */ = {isa = PBXFileReference; lastKnownFileType = sourcecode.swift; path = Series.swift; sourceTree = "<group>"; };
		42A15EEB20B18D9C0053359C /* HeroDetailPresenter.swift */ = {isa = PBXFileReference; fileEncoding = 4; lastKnownFileType = sourcecode.swift; path = HeroDetailPresenter.swift; sourceTree = "<group>"; };
		42A15EED20B18D9C0053359C /* HeroDetailRouter.swift */ = {isa = PBXFileReference; fileEncoding = 4; lastKnownFileType = sourcecode.swift; path = HeroDetailRouter.swift; sourceTree = "<group>"; };
		42A15EEF20B18D9C0053359C /* HeroDetailContract.swift */ = {isa = PBXFileReference; fileEncoding = 4; lastKnownFileType = sourcecode.swift; path = HeroDetailContract.swift; sourceTree = "<group>"; };
		42A15EF120B18D9C0053359C /* HeroDetailViewController.swift */ = {isa = PBXFileReference; fileEncoding = 4; lastKnownFileType = sourcecode.swift; path = HeroDetailViewController.swift; sourceTree = "<group>"; };
		42A15EF320B18D9C0053359C /* HeroDetailInteractor.swift */ = {isa = PBXFileReference; fileEncoding = 4; lastKnownFileType = sourcecode.swift; path = HeroDetailInteractor.swift; sourceTree = "<group>"; };
		42A15EF920B18DAA0053359C /* HeroDetail.storyboard */ = {isa = PBXFileReference; lastKnownFileType = file.storyboard; path = HeroDetail.storyboard; sourceTree = "<group>"; };
		42A15EFC20B197F70053359C /* UIImageView.swift */ = {isa = PBXFileReference; lastKnownFileType = sourcecode.swift; path = UIImageView.swift; sourceTree = "<group>"; };
		42A15F0320B19AF60053359C /* BaseProvider.swift */ = {isa = PBXFileReference; lastKnownFileType = sourcecode.swift; path = BaseProvider.swift; sourceTree = "<group>"; };
		42A15F0520B1B0870053359C /* SeriesDataProvider.swift */ = {isa = PBXFileReference; lastKnownFileType = sourcecode.swift; path = SeriesDataProvider.swift; sourceTree = "<group>"; };
		42A15F0720B1B0AB0053359C /* SeriesProvider.swift */ = {isa = PBXFileReference; lastKnownFileType = sourcecode.swift; path = SeriesProvider.swift; sourceTree = "<group>"; };
		42A15F0920B1BC0D0053359C /* EventProvider.swift */ = {isa = PBXFileReference; fileEncoding = 4; lastKnownFileType = sourcecode.swift; path = EventProvider.swift; sourceTree = "<group>"; };
		42A15F0A20B1BC0D0053359C /* EventDataProvider.swift */ = {isa = PBXFileReference; fileEncoding = 4; lastKnownFileType = sourcecode.swift; path = EventDataProvider.swift; sourceTree = "<group>"; };
		42A15F0D20B1C0C00053359C /* ComicProvider.swift */ = {isa = PBXFileReference; fileEncoding = 4; lastKnownFileType = sourcecode.swift; path = ComicProvider.swift; sourceTree = "<group>"; };
		42A15F0E20B1C0C00053359C /* ComicDataProvider.swift */ = {isa = PBXFileReference; fileEncoding = 4; lastKnownFileType = sourcecode.swift; path = ComicDataProvider.swift; sourceTree = "<group>"; };
		42A15F1120B1C4350053359C /* StoryDataProvider.swift */ = {isa = PBXFileReference; fileEncoding = 4; lastKnownFileType = sourcecode.swift; path = StoryDataProvider.swift; sourceTree = "<group>"; };
		42A15F1220B1C4350053359C /* StoryProvider.swift */ = {isa = PBXFileReference; fileEncoding = 4; lastKnownFileType = sourcecode.swift; path = StoryProvider.swift; sourceTree = "<group>"; };
		42A15F1520B1D1AA0053359C /* HeroDetailPresenterTest.swift */ = {isa = PBXFileReference; lastKnownFileType = sourcecode.swift; path = HeroDetailPresenterTest.swift; sourceTree = "<group>"; };
		42A15F1820B1E59B0053359C /* 3DMan.json */ = {isa = PBXFileReference; lastKnownFileType = text.json; path = 3DMan.json; sourceTree = "<group>"; };
		42A15F1B20B1E6320053359C /* XCTestCase.swift */ = {isa = PBXFileReference; lastKnownFileType = sourcecode.swift; path = XCTestCase.swift; sourceTree = "<group>"; };
		42A15F1E20B1F3730053359C /* DetailsCell.swift */ = {isa = PBXFileReference; lastKnownFileType = sourcecode.swift; path = DetailsCell.swift; sourceTree = "<group>"; };
		42A15F1F20B1F3730053359C /* DetailsCell.xib */ = {isa = PBXFileReference; lastKnownFileType = file.xib; path = DetailsCell.xib; sourceTree = "<group>"; };
		42A15F2320B206970053359C /* EmptyHero.json */ = {isa = PBXFileReference; lastKnownFileType = text.json; path = EmptyHero.json; sourceTree = "<group>"; };
		42FB15EB20ADF6CD00C2CC12 /* MarvelHeroes.app */ = {isa = PBXFileReference; explicitFileType = wrapper.application; includeInIndex = 0; path = MarvelHeroes.app; sourceTree = BUILT_PRODUCTS_DIR; };
		42FB15EE20ADF6CD00C2CC12 /* AppDelegate.swift */ = {isa = PBXFileReference; lastKnownFileType = sourcecode.swift; path = AppDelegate.swift; sourceTree = "<group>"; };
		42FB15F520ADF6CF00C2CC12 /* Assets.xcassets */ = {isa = PBXFileReference; lastKnownFileType = folder.assetcatalog; path = Assets.xcassets; sourceTree = "<group>"; };
		42FB15F820ADF6CF00C2CC12 /* Base */ = {isa = PBXFileReference; lastKnownFileType = file.storyboard; name = Base; path = Base.lproj/LaunchScreen.storyboard; sourceTree = "<group>"; };
		42FB15FA20ADF6CF00C2CC12 /* Info.plist */ = {isa = PBXFileReference; lastKnownFileType = text.plist.xml; path = Info.plist; sourceTree = "<group>"; };
		42FB15FF20ADF6CF00C2CC12 /* MarvelHeroesTests.xctest */ = {isa = PBXFileReference; explicitFileType = wrapper.cfbundle; includeInIndex = 0; path = MarvelHeroesTests.xctest; sourceTree = BUILT_PRODUCTS_DIR; };
		42FB160520ADF6CF00C2CC12 /* Info.plist */ = {isa = PBXFileReference; lastKnownFileType = text.plist.xml; path = Info.plist; sourceTree = "<group>"; };
		42FB160A20ADF6CF00C2CC12 /* MarvelHeroesUITests.xctest */ = {isa = PBXFileReference; explicitFileType = wrapper.cfbundle; includeInIndex = 0; path = MarvelHeroesUITests.xctest; sourceTree = BUILT_PRODUCTS_DIR; };
		42FB160E20ADF6CF00C2CC12 /* MarvelHeroesUITests.swift */ = {isa = PBXFileReference; lastKnownFileType = sourcecode.swift; path = MarvelHeroesUITests.swift; sourceTree = "<group>"; };
		42FB161020ADF6CF00C2CC12 /* Info.plist */ = {isa = PBXFileReference; lastKnownFileType = text.plist.xml; path = Info.plist; sourceTree = "<group>"; };
		42FB161F20ADF86800C2CC12 /* IdentifiableNib.swift */ = {isa = PBXFileReference; lastKnownFileType = sourcecode.swift; path = IdentifiableNib.swift; sourceTree = "<group>"; };
		42FB162320ADF8E300C2CC12 /* UIStoryboard.swift */ = {isa = PBXFileReference; lastKnownFileType = sourcecode.swift; path = UIStoryboard.swift; sourceTree = "<group>"; };
		42FB162C20ADFE5A00C2CC12 /* HeroListContract.swift */ = {isa = PBXFileReference; lastKnownFileType = sourcecode.swift; path = HeroListContract.swift; sourceTree = "<group>"; };
		42FB162E20ADFEB000C2CC12 /* HeroListInteractor.swift */ = {isa = PBXFileReference; lastKnownFileType = sourcecode.swift; path = HeroListInteractor.swift; sourceTree = "<group>"; };
		42FB163020ADFFD200C2CC12 /* HeroListPresenter.swift */ = {isa = PBXFileReference; lastKnownFileType = sourcecode.swift; path = HeroListPresenter.swift; sourceTree = "<group>"; };
		42FB163320AE012800C2CC12 /* HeroList.swift */ = {isa = PBXFileReference; lastKnownFileType = sourcecode.swift; path = HeroList.swift; sourceTree = "<group>"; };
		42FB163520AE017E00C2CC12 /* HeroListViewController.swift */ = {isa = PBXFileReference; lastKnownFileType = sourcecode.swift; path = HeroListViewController.swift; sourceTree = "<group>"; };
		42FB163920AE025100C2CC12 /* HeroList.storyboard */ = {isa = PBXFileReference; lastKnownFileType = file.storyboard; path = HeroList.storyboard; sourceTree = "<group>"; };
/* End PBXFileReference section */

/* Begin PBXFrameworksBuildPhase section */
		42FB15E820ADF6CD00C2CC12 /* Frameworks */ = {
			isa = PBXFrameworksBuildPhase;
			buildActionMask = 2147483647;
			files = (
			);
			runOnlyForDeploymentPostprocessing = 0;
		};
		42FB15FC20ADF6CF00C2CC12 /* Frameworks */ = {
			isa = PBXFrameworksBuildPhase;
			buildActionMask = 2147483647;
			files = (
			);
			runOnlyForDeploymentPostprocessing = 0;
		};
		42FB160720ADF6CF00C2CC12 /* Frameworks */ = {
			isa = PBXFrameworksBuildPhase;
			buildActionMask = 2147483647;
			files = (
			);
			runOnlyForDeploymentPostprocessing = 0;
		};
/* End PBXFrameworksBuildPhase section */

/* Begin PBXGroup section */
		42051A5620AE31CE0036AD7F /* Root */ = {
			isa = PBXGroup;
			children = (
				42051A6520AE335A0036AD7F /* Contract */,
				42051A6320AE335A0036AD7F /* Presenter */,
				42051A6120AE335A0036AD7F /* Router */,
			);
			path = Root;
			sourceTree = "<group>";
		};
		42051A6120AE335A0036AD7F /* Router */ = {
			isa = PBXGroup;
			children = (
				42051A6220AE335A0036AD7F /* RootRouter.swift */,
			);
			path = Router;
			sourceTree = "<group>";
		};
		42051A6320AE335A0036AD7F /* Presenter */ = {
			isa = PBXGroup;
			children = (
				42051A6420AE335A0036AD7F /* RootPresenter.swift */,
			);
			path = Presenter;
			sourceTree = "<group>";
		};
		42051A6520AE335A0036AD7F /* Contract */ = {
			isa = PBXGroup;
			children = (
				42051A6620AE335A0036AD7F /* RootContract.swift */,
			);
			path = Contract;
			sourceTree = "<group>";
		};
		42051A8620B03EE80036AD7F /* Models */ = {
			isa = PBXGroup;
			children = (
				42A15ED720B1845E0053359C /* Comic.swift */,
				42051A8F20B044BC0036AD7F /* DataContainer.swift */,
				42A15EDB20B184AE0053359C /* Events.swift */,
				42051A8C20B041DA0036AD7F /* Hero.swift */,
				42A15EDD20B184C40053359C /* Series.swift */,
				42A15ED920B184800053359C /* Story.swift */,
				42051AA020B09B980036AD7F /* Thumbnail.swift */,
			);
			path = Models;
			sourceTree = "<group>";
		};
		42051A8720B040D80036AD7F /* DataManager */ = {
			isa = PBXGroup;
			children = (
				42A15F0220B19A560053359C /* Base */,
				42A15EFE20B199C50053359C /* Comic */,
				42A15F0020B199EB0053359C /* Event */,
				42A15EFB20B197D40053359C /* Hero */,
				42A15F0120B199F20053359C /* Series */,
				42A15EFF20B199D40053359C /* Story */,
				42051AAA20B0BC080036AD7F /* ImageDataProvider.swift */,
			);
			path = DataManager;
			sourceTree = "<group>";
		};
		42051A9920B092360036AD7F /* Cell */ = {
			isa = PBXGroup;
			children = (
				42051A9A20B092510036AD7F /* HeroCell.swift */,
				42051AA220B0A4940036AD7F /* HeroCell.xib */,
				42051AA420B0ABEA0036AD7F /* SpinnerCell.swift */,
				42051AA620B0AC4E0036AD7F /* SpinnerCell.xib */,
			);
			path = Cell;
			sourceTree = "<group>";
		};
		422F0B3120B35C57002D404A /* HeroDetail */ = {
			isa = PBXGroup;
			children = (
				422F0B2F20B35358002D404A /* HeroDetailInteractorTest.swift */,
				42A15F1520B1D1AA0053359C /* HeroDetailPresenterTest.swift */,
			);
			path = HeroDetail;
			sourceTree = "<group>";
		};
		422F0B3220B35C65002D404A /* HeroList */ = {
			isa = PBXGroup;
			children = (
				422F0B3320B35D02002D404A /* HeroListPresenterTest.swift */,
			);
			path = HeroList;
			sourceTree = "<group>";
		};
		42A15EDF20B18D740053359C /* HeroDetail */ = {
			isa = PBXGroup;
			children = (
				42A15EEE20B18D9C0053359C /* Contract */,
				42A15EF220B18D9C0053359C /* Interactor */,
				42A15EEA20B18D9C0053359C /* Presenter */,
				42A15EEC20B18D9C0053359C /* Router */,
				42A15EF020B18D9C0053359C /* View */,
			);
			path = HeroDetail;
			sourceTree = "<group>";
		};
		42A15EEA20B18D9C0053359C /* Presenter */ = {
			isa = PBXGroup;
			children = (
				42A15EEB20B18D9C0053359C /* HeroDetailPresenter.swift */,
			);
			path = Presenter;
			sourceTree = "<group>";
		};
		42A15EEC20B18D9C0053359C /* Router */ = {
			isa = PBXGroup;
			children = (
				42A15EED20B18D9C0053359C /* HeroDetailRouter.swift */,
			);
			path = Router;
			sourceTree = "<group>";
		};
		42A15EEE20B18D9C0053359C /* Contract */ = {
			isa = PBXGroup;
			children = (
				42A15EEF20B18D9C0053359C /* HeroDetailContract.swift */,
			);
			path = Contract;
			sourceTree = "<group>";
		};
		42A15EF020B18D9C0053359C /* View */ = {
			isa = PBXGroup;
			children = (
				42A15F1D20B1F3590053359C /* Cell */,
				42A15EF920B18DAA0053359C /* HeroDetail.storyboard */,
				42A15EF120B18D9C0053359C /* HeroDetailViewController.swift */,
			);
			path = View;
			sourceTree = "<group>";
		};
		42A15EF220B18D9C0053359C /* Interactor */ = {
			isa = PBXGroup;
			children = (
				42A15EF320B18D9C0053359C /* HeroDetailInteractor.swift */,
			);
			path = Interactor;
			sourceTree = "<group>";
		};
		42A15EFB20B197D40053359C /* Hero */ = {
			isa = PBXGroup;
			children = (
				42051A8820B0416D0036AD7F /* HeroDataProvider.swift */,
				42051A8A20B041950036AD7F /* HeroProvider.swift */,
			);
			path = Hero;
			sourceTree = "<group>";
		};
		42A15EFE20B199C50053359C /* Comic */ = {
			isa = PBXGroup;
			children = (
				42A15F0E20B1C0C00053359C /* ComicDataProvider.swift */,
				42A15F0D20B1C0C00053359C /* ComicProvider.swift */,
			);
			path = Comic;
			sourceTree = "<group>";
		};
		42A15EFF20B199D40053359C /* Story */ = {
			isa = PBXGroup;
			children = (
				42A15F1120B1C4350053359C /* StoryDataProvider.swift */,
				42A15F1220B1C4350053359C /* StoryProvider.swift */,
			);
			path = Story;
			sourceTree = "<group>";
		};
		42A15F0020B199EB0053359C /* Event */ = {
			isa = PBXGroup;
			children = (
				42A15F0A20B1BC0D0053359C /* EventDataProvider.swift */,
				42A15F0920B1BC0D0053359C /* EventProvider.swift */,
			);
			path = Event;
			sourceTree = "<group>";
		};
		42A15F0120B199F20053359C /* Series */ = {
			isa = PBXGroup;
			children = (
				42A15F0520B1B0870053359C /* SeriesDataProvider.swift */,
				42A15F0720B1B0AB0053359C /* SeriesProvider.swift */,
			);
			path = Series;
			sourceTree = "<group>";
		};
		42A15F0220B19A560053359C /* Base */ = {
			isa = PBXGroup;
			children = (
				42051A9220B04AC80036AD7F /* BaseDataProvider.swift */,
				42A15F0320B19AF60053359C /* BaseProvider.swift */,
			);
			path = Base;
			sourceTree = "<group>";
		};
		42A15F1720B1E5850053359C /* JSON */ = {
			isa = PBXGroup;
			children = (
				42A15F2220B2064D0053359C /* Heros */,
			);
			path = JSON;
			sourceTree = "<group>";
		};
		42A15F1A20B1E61B0053359C /* Extension */ = {
			isa = PBXGroup;
			children = (
				42A15F1B20B1E6320053359C /* XCTestCase.swift */,
			);
			path = Extension;
			sourceTree = "<group>";
		};
		42A15F1D20B1F3590053359C /* Cell */ = {
			isa = PBXGroup;
			children = (
				42A15F1E20B1F3730053359C /* DetailsCell.swift */,
				42A15F1F20B1F3730053359C /* DetailsCell.xib */,
			);
			path = Cell;
			sourceTree = "<group>";
		};
		42A15F2220B2064D0053359C /* Heros */ = {
			isa = PBXGroup;
			children = (
				42A15F1820B1E59B0053359C /* 3DMan.json */,
				429AD89F20B364E600A7CC50 /* DataContainer.json */,
				42A15F2320B206970053359C /* EmptyHero.json */,
			);
			path = Heros;
			sourceTree = "<group>";
		};
		42FB15E220ADF6CD00C2CC12 = {
			isa = PBXGroup;
			children = (
				42FB15ED20ADF6CD00C2CC12 /* MarvelHeroes */,
				42FB160220ADF6CF00C2CC12 /* MarvelHeroesTests */,
				42FB160D20ADF6CF00C2CC12 /* MarvelHeroesUITests */,
				42FB15EC20ADF6CD00C2CC12 /* Products */,
			);
			sourceTree = "<group>";
		};
		42FB15EC20ADF6CD00C2CC12 /* Products */ = {
			isa = PBXGroup;
			children = (
				42FB15EB20ADF6CD00C2CC12 /* MarvelHeroes.app */,
				42FB15FF20ADF6CF00C2CC12 /* MarvelHeroesTests.xctest */,
				42FB160A20ADF6CF00C2CC12 /* MarvelHeroesUITests.xctest */,
			);
			name = Products;
			sourceTree = "<group>";
		};
		42FB15ED20ADF6CD00C2CC12 /* MarvelHeroes */ = {
			isa = PBXGroup;
			children = (
				42FB161C20ADF77200C2CC12 /* Assets */,
				42051A8720B040D80036AD7F /* DataManager */,
				42FB162120ADF8CE00C2CC12 /* Extensions */,
				42051A8620B03EE80036AD7F /* Models */,
				42FB161D20ADF78600C2CC12 /* Modules */,
				42FB161E20ADF85500C2CC12 /* Protocols */,
				42FB15EE20ADF6CD00C2CC12 /* AppDelegate.swift */,
				42FB15FA20ADF6CF00C2CC12 /* Info.plist */,
				42FB15F720ADF6CF00C2CC12 /* LaunchScreen.storyboard */,
				429AD8A120B3718200A7CC50 /* MarvelHeroes-Bridging-Header.h */,
			);
			path = MarvelHeroes;
			sourceTree = "<group>";
		};
		42FB160220ADF6CF00C2CC12 /* MarvelHeroesTests */ = {
			isa = PBXGroup;
			children = (
				42A15F1A20B1E61B0053359C /* Extension */,
				422F0B3120B35C57002D404A /* HeroDetail */,
				422F0B3220B35C65002D404A /* HeroList */,
				42A15F1720B1E5850053359C /* JSON */,
				42051A9720B0511B0036AD7F /* BaseProviderTest.swift */,
				42FB160520ADF6CF00C2CC12 /* Info.plist */,
			);
			path = MarvelHeroesTests;
			sourceTree = "<group>";
		};
		42FB160D20ADF6CF00C2CC12 /* MarvelHeroesUITests */ = {
			isa = PBXGroup;
			children = (
				42FB161020ADF6CF00C2CC12 /* Info.plist */,
				42FB160E20ADF6CF00C2CC12 /* MarvelHeroesUITests.swift */,
			);
			path = MarvelHeroesUITests;
			sourceTree = "<group>";
		};
		42FB161C20ADF77200C2CC12 /* Assets */ = {
			isa = PBXGroup;
			children = (
				42FB15F520ADF6CF00C2CC12 /* Assets.xcassets */,
			);
			path = Assets;
			sourceTree = "<group>";
		};
		42FB161D20ADF78600C2CC12 /* Modules */ = {
			isa = PBXGroup;
			children = (
				42A15EDF20B18D740053359C /* HeroDetail */,
				42FB162620ADFAAD00C2CC12 /* HeroList */,
				42051A5620AE31CE0036AD7F /* Root */,
			);
			path = Modules;
			sourceTree = "<group>";
		};
		42FB161E20ADF85500C2CC12 /* Protocols */ = {
			isa = PBXGroup;
			children = (
				42FB161F20ADF86800C2CC12 /* IdentifiableNib.swift */,
			);
			path = Protocols;
			sourceTree = "<group>";
		};
		42FB162120ADF8CE00C2CC12 /* Extensions */ = {
			isa = PBXGroup;
			children = (
				42051A9C20B093EA0036AD7F /* Collection.swift */,
				42A15EFC20B197F70053359C /* UIImageView.swift */,
				42FB162320ADF8E300C2CC12 /* UIStoryboard.swift */,
				42051AA820B0ACEC0036AD7F /* UITableView.swift */,
			);
			path = Extensions;
			sourceTree = "<group>";
		};
		42FB162620ADFAAD00C2CC12 /* HeroList */ = {
			isa = PBXGroup;
			children = (
				42FB162720ADFDE800C2CC12 /* Contract */,
				42FB162820ADFE1E00C2CC12 /* Interactor */,
				42FB162920ADFE2500C2CC12 /* Presenter */,
				42FB162A20ADFE2A00C2CC12 /* Router */,
				42FB162B20ADFE2E00C2CC12 /* View */,
			);
			path = HeroList;
			sourceTree = "<group>";
		};
		42FB162720ADFDE800C2CC12 /* Contract */ = {
			isa = PBXGroup;
			children = (
				42FB162C20ADFE5A00C2CC12 /* HeroListContract.swift */,
			);
			path = Contract;
			sourceTree = "<group>";
		};
		42FB162820ADFE1E00C2CC12 /* Interactor */ = {
			isa = PBXGroup;
			children = (
				42FB162E20ADFEB000C2CC12 /* HeroListInteractor.swift */,
			);
			path = Interactor;
			sourceTree = "<group>";
		};
		42FB162920ADFE2500C2CC12 /* Presenter */ = {
			isa = PBXGroup;
			children = (
				42FB163020ADFFD200C2CC12 /* HeroListPresenter.swift */,
			);
			path = Presenter;
			sourceTree = "<group>";
		};
		42FB162A20ADFE2A00C2CC12 /* Router */ = {
			isa = PBXGroup;
			children = (
				42FB163320AE012800C2CC12 /* HeroList.swift */,
			);
			path = Router;
			sourceTree = "<group>";
		};
		42FB162B20ADFE2E00C2CC12 /* View */ = {
			isa = PBXGroup;
			children = (
				42051A9920B092360036AD7F /* Cell */,
				42FB163920AE025100C2CC12 /* HeroList.storyboard */,
				42FB163520AE017E00C2CC12 /* HeroListViewController.swift */,
			);
			path = View;
			sourceTree = "<group>";
		};
/* End PBXGroup section */

/* Begin PBXNativeTarget section */
		42FB15EA20ADF6CD00C2CC12 /* MarvelHeroes */ = {
			isa = PBXNativeTarget;
			buildConfigurationList = 42FB161320ADF6CF00C2CC12 /* Build configuration list for PBXNativeTarget "MarvelHeroes" */;
			buildPhases = (
				42FB15E720ADF6CD00C2CC12 /* Sources */,
				42FB15E820ADF6CD00C2CC12 /* Frameworks */,
				42FB15E920ADF6CD00C2CC12 /* Resources */,
				42FB162520ADF90C00C2CC12 /* Swift Lint */,
			);
			buildRules = (
			);
			dependencies = (
			);
			name = MarvelHeroes;
			productName = MarvelHeros;
			productReference = 42FB15EB20ADF6CD00C2CC12 /* MarvelHeroes.app */;
			productType = "com.apple.product-type.application";
		};
		42FB15FE20ADF6CF00C2CC12 /* MarvelHeroesTests */ = {
			isa = PBXNativeTarget;
			buildConfigurationList = 42FB161620ADF6CF00C2CC12 /* Build configuration list for PBXNativeTarget "MarvelHeroesTests" */;
			buildPhases = (
				42FB15FB20ADF6CF00C2CC12 /* Sources */,
				42FB15FC20ADF6CF00C2CC12 /* Frameworks */,
				42FB15FD20ADF6CF00C2CC12 /* Resources */,
			);
			buildRules = (
			);
			dependencies = (
				42FB160120ADF6CF00C2CC12 /* PBXTargetDependency */,
			);
			name = MarvelHeroesTests;
			productName = MarvelHerosTests;
			productReference = 42FB15FF20ADF6CF00C2CC12 /* MarvelHeroesTests.xctest */;
			productType = "com.apple.product-type.bundle.unit-test";
		};
		42FB160920ADF6CF00C2CC12 /* MarvelHeroesUITests */ = {
			isa = PBXNativeTarget;
			buildConfigurationList = 42FB161920ADF6CF00C2CC12 /* Build configuration list for PBXNativeTarget "MarvelHeroesUITests" */;
			buildPhases = (
				42FB160620ADF6CF00C2CC12 /* Sources */,
				42FB160720ADF6CF00C2CC12 /* Frameworks */,
				42FB160820ADF6CF00C2CC12 /* Resources */,
			);
			buildRules = (
			);
			dependencies = (
				42FB160C20ADF6CF00C2CC12 /* PBXTargetDependency */,
			);
			name = MarvelHeroesUITests;
			productName = MarvelHerosUITests;
			productReference = 42FB160A20ADF6CF00C2CC12 /* MarvelHeroesUITests.xctest */;
			productType = "com.apple.product-type.bundle.ui-testing";
		};
/* End PBXNativeTarget section */

/* Begin PBXProject section */
		42FB15E320ADF6CD00C2CC12 /* Project object */ = {
			isa = PBXProject;
			attributes = {
				LastSwiftUpdateCheck = 0930;
				LastUpgradeCheck = 0930;
				ORGANIZATIONNAME = Ostanik;
				TargetAttributes = {
					42FB15EA20ADF6CD00C2CC12 = {
						CreatedOnToolsVersion = 9.3.1;
						LastSwiftMigration = 0930;
					};
					42FB15FE20ADF6CF00C2CC12 = {
						CreatedOnToolsVersion = 9.3.1;
						TestTargetID = 42FB15EA20ADF6CD00C2CC12;
					};
					42FB160920ADF6CF00C2CC12 = {
						CreatedOnToolsVersion = 9.3.1;
						TestTargetID = 42FB15EA20ADF6CD00C2CC12;
					};
				};
			};
			buildConfigurationList = 42FB15E620ADF6CD00C2CC12 /* Build configuration list for PBXProject "MarvelHeroes" */;
			compatibilityVersion = "Xcode 9.3";
			developmentRegion = en;
			hasScannedForEncodings = 0;
			knownRegions = (
				en,
				Base,
			);
			mainGroup = 42FB15E220ADF6CD00C2CC12;
			productRefGroup = 42FB15EC20ADF6CD00C2CC12 /* Products */;
			projectDirPath = "";
			projectRoot = "";
			targets = (
				42FB15EA20ADF6CD00C2CC12 /* MarvelHeroes */,
				42FB15FE20ADF6CF00C2CC12 /* MarvelHeroesTests */,
				42FB160920ADF6CF00C2CC12 /* MarvelHeroesUITests */,
			);
		};
/* End PBXProject section */

/* Begin PBXResourcesBuildPhase section */
		42FB15E920ADF6CD00C2CC12 /* Resources */ = {
			isa = PBXResourcesBuildPhase;
			buildActionMask = 2147483647;
			files = (
				42FB15F920ADF6CF00C2CC12 /* LaunchScreen.storyboard in Resources */,
				42051AA720B0AC4E0036AD7F /* SpinnerCell.xib in Resources */,
				42FB15F620ADF6CF00C2CC12 /* Assets.xcassets in Resources */,
				42A15EFA20B18DAA0053359C /* HeroDetail.storyboard in Resources */,
				42FB163A20AE025100C2CC12 /* HeroList.storyboard in Resources */,
				42A15F2120B1F3730053359C /* DetailsCell.xib in Resources */,
				42051AA320B0A4940036AD7F /* HeroCell.xib in Resources */,
			);
			runOnlyForDeploymentPostprocessing = 0;
		};
		42FB15FD20ADF6CF00C2CC12 /* Resources */ = {
			isa = PBXResourcesBuildPhase;
			buildActionMask = 2147483647;
			files = (
				429AD8A020B364E600A7CC50 /* DataContainer.json in Resources */,
				42A15F2420B206970053359C /* EmptyHero.json in Resources */,
				42A15F1920B1E59B0053359C /* 3DMan.json in Resources */,
			);
			runOnlyForDeploymentPostprocessing = 0;
		};
		42FB160820ADF6CF00C2CC12 /* Resources */ = {
			isa = PBXResourcesBuildPhase;
			buildActionMask = 2147483647;
			files = (
			);
			runOnlyForDeploymentPostprocessing = 0;
		};
/* End PBXResourcesBuildPhase section */

/* Begin PBXShellScriptBuildPhase section */
		42FB162520ADF90C00C2CC12 /* Swift Lint */ = {
			isa = PBXShellScriptBuildPhase;
			buildActionMask = 2147483647;
			files = (
			);
			inputPaths = (
			);
			name = "Swift Lint";
			outputPaths = (
			);
			runOnlyForDeploymentPostprocessing = 0;
			shellPath = /bin/sh;
			shellScript = "if which swiftlint >/dev/null; then\nswiftlint\nelse\necho \"warning: SwiftLint not installed, download from https://github.com/realm/SwiftLint\"\nfi";
		};
/* End PBXShellScriptBuildPhase section */

/* Begin PBXSourcesBuildPhase section */
		42FB15E720ADF6CD00C2CC12 /* Sources */ = {
			isa = PBXSourcesBuildPhase;
			buildActionMask = 2147483647;
			files = (
				42A15F2020B1F3730053359C /* DetailsCell.swift in Sources */,
				42051A8920B0416D0036AD7F /* HeroDataProvider.swift in Sources */,
				42A15EF820B18D9C0053359C /* HeroDetailInteractor.swift in Sources */,
				42051A6820AE335A0036AD7F /* RootPresenter.swift in Sources */,
				42A15F0B20B1BC0D0053359C /* EventProvider.swift in Sources */,
				42FB163620AE017E00C2CC12 /* HeroListViewController.swift in Sources */,
				42A15F1020B1C0C00053359C /* ComicDataProvider.swift in Sources */,
				42A15F1420B1C4350053359C /* StoryProvider.swift in Sources */,
				42051A9320B04AC80036AD7F /* BaseDataProvider.swift in Sources */,
				42A15EDC20B184AE0053359C /* Events.swift in Sources */,
				42051A6920AE335A0036AD7F /* RootContract.swift in Sources */,
				42A15F0F20B1C0C00053359C /* ComicProvider.swift in Sources */,
				42051A9020B044BC0036AD7F /* DataContainer.swift in Sources */,
				42FB162420ADF8E300C2CC12 /* UIStoryboard.swift in Sources */,
				42A15F0620B1B0870053359C /* SeriesDataProvider.swift in Sources */,
				42051AA920B0ACEC0036AD7F /* UITableView.swift in Sources */,
				42051A8B20B041950036AD7F /* HeroProvider.swift in Sources */,
				42A15F0820B1B0AB0053359C /* SeriesProvider.swift in Sources */,
				42A15F0C20B1BC0D0053359C /* EventDataProvider.swift in Sources */,
				42A15F0420B19AF60053359C /* BaseProvider.swift in Sources */,
				42A15EDE20B184C40053359C /* Series.swift in Sources */,
				42FB162D20ADFE5A00C2CC12 /* HeroListContract.swift in Sources */,
				42051A9D20B093EA0036AD7F /* Collection.swift in Sources */,
				42A15EFD20B197F70053359C /* UIImageView.swift in Sources */,
				42A15EF620B18D9C0053359C /* HeroDetailContract.swift in Sources */,
				42FB162F20ADFEB000C2CC12 /* HeroListInteractor.swift in Sources */,
				42A15F1320B1C4350053359C /* StoryDataProvider.swift in Sources */,
				42051A6720AE335A0036AD7F /* RootRouter.swift in Sources */,
				42A15EF520B18D9C0053359C /* HeroDetailRouter.swift in Sources */,
				42A15ED820B1845E0053359C /* Comic.swift in Sources */,
				42051AAB20B0BC080036AD7F /* ImageDataProvider.swift in Sources */,
				42051A8D20B041DA0036AD7F /* Hero.swift in Sources */,
				42FB15EF20ADF6CD00C2CC12 /* AppDelegate.swift in Sources */,
				42A15EF720B18D9C0053359C /* HeroDetailViewController.swift in Sources */,
				42FB163420AE012800C2CC12 /* HeroList.swift in Sources */,
				42051A9B20B092510036AD7F /* HeroCell.swift in Sources */,
				42A15EF420B18D9C0053359C /* HeroDetailPresenter.swift in Sources */,
				42051AA520B0ABEA0036AD7F /* SpinnerCell.swift in Sources */,
				42FB163120ADFFD200C2CC12 /* HeroListPresenter.swift in Sources */,
				42051AA120B09B980036AD7F /* Thumbnail.swift in Sources */,
				42FB162020ADF86800C2CC12 /* IdentifiableNib.swift in Sources */,
				42A15EDA20B184800053359C /* Story.swift in Sources */,
			);
			runOnlyForDeploymentPostprocessing = 0;
		};
		42FB15FB20ADF6CF00C2CC12 /* Sources */ = {
			isa = PBXSourcesBuildPhase;
			buildActionMask = 2147483647;
			files = (
				42A15F1C20B1E6320053359C /* XCTestCase.swift in Sources */,
				422F0B3420B35D02002D404A /* HeroListPresenterTest.swift in Sources */,
				42051A9820B0511B0036AD7F /* BaseProviderTest.swift in Sources */,
				42A15F1620B1D1AA0053359C /* HeroDetailPresenterTest.swift in Sources */,
				422F0B3020B35358002D404A /* HeroDetailInteractorTest.swift in Sources */,
			);
			runOnlyForDeploymentPostprocessing = 0;
		};
		42FB160620ADF6CF00C2CC12 /* Sources */ = {
			isa = PBXSourcesBuildPhase;
			buildActionMask = 2147483647;
			files = (
				42FB160F20ADF6CF00C2CC12 /* MarvelHeroesUITests.swift in Sources */,
			);
			runOnlyForDeploymentPostprocessing = 0;
		};
/* End PBXSourcesBuildPhase section */

/* Begin PBXTargetDependency section */
		42FB160120ADF6CF00C2CC12 /* PBXTargetDependency */ = {
			isa = PBXTargetDependency;
			target = 42FB15EA20ADF6CD00C2CC12 /* MarvelHeroes */;
			targetProxy = 42FB160020ADF6CF00C2CC12 /* PBXContainerItemProxy */;
		};
		42FB160C20ADF6CF00C2CC12 /* PBXTargetDependency */ = {
			isa = PBXTargetDependency;
			target = 42FB15EA20ADF6CD00C2CC12 /* MarvelHeroes */;
			targetProxy = 42FB160B20ADF6CF00C2CC12 /* PBXContainerItemProxy */;
		};
/* End PBXTargetDependency section */

/* Begin PBXVariantGroup section */
		42FB15F720ADF6CF00C2CC12 /* LaunchScreen.storyboard */ = {
			isa = PBXVariantGroup;
			children = (
				42FB15F820ADF6CF00C2CC12 /* Base */,
			);
			name = LaunchScreen.storyboard;
			path = .;
			sourceTree = "<group>";
		};
/* End PBXVariantGroup section */

/* Begin XCBuildConfiguration section */
		42FB161120ADF6CF00C2CC12 /* Debug */ = {
			isa = XCBuildConfiguration;
			buildSettings = {
				ALWAYS_SEARCH_USER_PATHS = NO;
				CLANG_ANALYZER_NONNULL = YES;
				CLANG_ANALYZER_NUMBER_OBJECT_CONVERSION = YES_AGGRESSIVE;
				CLANG_CXX_LANGUAGE_STANDARD = "gnu++14";
				CLANG_CXX_LIBRARY = "libc++";
				CLANG_ENABLE_MODULES = YES;
				CLANG_ENABLE_OBJC_ARC = YES;
				CLANG_ENABLE_OBJC_WEAK = YES;
				CLANG_WARN_BLOCK_CAPTURE_AUTORELEASING = YES;
				CLANG_WARN_BOOL_CONVERSION = YES;
				CLANG_WARN_COMMA = YES;
				CLANG_WARN_CONSTANT_CONVERSION = YES;
				CLANG_WARN_DEPRECATED_OBJC_IMPLEMENTATIONS = YES;
				CLANG_WARN_DIRECT_OBJC_ISA_USAGE = YES_ERROR;
				CLANG_WARN_DOCUMENTATION_COMMENTS = YES;
				CLANG_WARN_EMPTY_BODY = YES;
				CLANG_WARN_ENUM_CONVERSION = YES;
				CLANG_WARN_INFINITE_RECURSION = YES;
				CLANG_WARN_INT_CONVERSION = YES;
				CLANG_WARN_NON_LITERAL_NULL_CONVERSION = YES;
				CLANG_WARN_OBJC_IMPLICIT_RETAIN_SELF = YES;
				CLANG_WARN_OBJC_LITERAL_CONVERSION = YES;
				CLANG_WARN_OBJC_ROOT_CLASS = YES_ERROR;
				CLANG_WARN_RANGE_LOOP_ANALYSIS = YES;
				CLANG_WARN_STRICT_PROTOTYPES = YES;
				CLANG_WARN_SUSPICIOUS_MOVE = YES;
				CLANG_WARN_UNGUARDED_AVAILABILITY = YES_AGGRESSIVE;
				CLANG_WARN_UNREACHABLE_CODE = YES;
				CLANG_WARN__DUPLICATE_METHOD_MATCH = YES;
				CODE_SIGN_IDENTITY = "iPhone Developer";
				COPY_PHASE_STRIP = NO;
				DEBUG_INFORMATION_FORMAT = dwarf;
				ENABLE_STRICT_OBJC_MSGSEND = YES;
				ENABLE_TESTABILITY = YES;
				GCC_C_LANGUAGE_STANDARD = gnu11;
				GCC_DYNAMIC_NO_PIC = NO;
				GCC_NO_COMMON_BLOCKS = YES;
				GCC_OPTIMIZATION_LEVEL = 0;
				GCC_PREPROCESSOR_DEFINITIONS = (
					"DEBUG=1",
					"$(inherited)",
				);
				GCC_WARN_64_TO_32_BIT_CONVERSION = YES;
				GCC_WARN_ABOUT_RETURN_TYPE = YES_ERROR;
				GCC_WARN_UNDECLARED_SELECTOR = YES;
				GCC_WARN_UNINITIALIZED_AUTOS = YES_AGGRESSIVE;
				GCC_WARN_UNUSED_FUNCTION = YES;
				GCC_WARN_UNUSED_VARIABLE = YES;
				IPHONEOS_DEPLOYMENT_TARGET = 11.3;
				MTL_ENABLE_DEBUG_INFO = YES;
				ONLY_ACTIVE_ARCH = YES;
				SDKROOT = iphoneos;
				SWIFT_ACTIVE_COMPILATION_CONDITIONS = DEBUG;
				SWIFT_OPTIMIZATION_LEVEL = "-Onone";
			};
			name = Debug;
		};
		42FB161220ADF6CF00C2CC12 /* Release */ = {
			isa = XCBuildConfiguration;
			buildSettings = {
				ALWAYS_SEARCH_USER_PATHS = NO;
				CLANG_ANALYZER_NONNULL = YES;
				CLANG_ANALYZER_NUMBER_OBJECT_CONVERSION = YES_AGGRESSIVE;
				CLANG_CXX_LANGUAGE_STANDARD = "gnu++14";
				CLANG_CXX_LIBRARY = "libc++";
				CLANG_ENABLE_MODULES = YES;
				CLANG_ENABLE_OBJC_ARC = YES;
				CLANG_ENABLE_OBJC_WEAK = YES;
				CLANG_WARN_BLOCK_CAPTURE_AUTORELEASING = YES;
				CLANG_WARN_BOOL_CONVERSION = YES;
				CLANG_WARN_COMMA = YES;
				CLANG_WARN_CONSTANT_CONVERSION = YES;
				CLANG_WARN_DEPRECATED_OBJC_IMPLEMENTATIONS = YES;
				CLANG_WARN_DIRECT_OBJC_ISA_USAGE = YES_ERROR;
				CLANG_WARN_DOCUMENTATION_COMMENTS = YES;
				CLANG_WARN_EMPTY_BODY = YES;
				CLANG_WARN_ENUM_CONVERSION = YES;
				CLANG_WARN_INFINITE_RECURSION = YES;
				CLANG_WARN_INT_CONVERSION = YES;
				CLANG_WARN_NON_LITERAL_NULL_CONVERSION = YES;
				CLANG_WARN_OBJC_IMPLICIT_RETAIN_SELF = YES;
				CLANG_WARN_OBJC_LITERAL_CONVERSION = YES;
				CLANG_WARN_OBJC_ROOT_CLASS = YES_ERROR;
				CLANG_WARN_RANGE_LOOP_ANALYSIS = YES;
				CLANG_WARN_STRICT_PROTOTYPES = YES;
				CLANG_WARN_SUSPICIOUS_MOVE = YES;
				CLANG_WARN_UNGUARDED_AVAILABILITY = YES_AGGRESSIVE;
				CLANG_WARN_UNREACHABLE_CODE = YES;
				CLANG_WARN__DUPLICATE_METHOD_MATCH = YES;
				CODE_SIGN_IDENTITY = "iPhone Developer";
				COPY_PHASE_STRIP = NO;
				DEBUG_INFORMATION_FORMAT = "dwarf-with-dsym";
				ENABLE_NS_ASSERTIONS = NO;
				ENABLE_STRICT_OBJC_MSGSEND = YES;
				GCC_C_LANGUAGE_STANDARD = gnu11;
				GCC_NO_COMMON_BLOCKS = YES;
				GCC_WARN_64_TO_32_BIT_CONVERSION = YES;
				GCC_WARN_ABOUT_RETURN_TYPE = YES_ERROR;
				GCC_WARN_UNDECLARED_SELECTOR = YES;
				GCC_WARN_UNINITIALIZED_AUTOS = YES_AGGRESSIVE;
				GCC_WARN_UNUSED_FUNCTION = YES;
				GCC_WARN_UNUSED_VARIABLE = YES;
				IPHONEOS_DEPLOYMENT_TARGET = 11.3;
				MTL_ENABLE_DEBUG_INFO = NO;
				SDKROOT = iphoneos;
				SWIFT_COMPILATION_MODE = wholemodule;
				SWIFT_OPTIMIZATION_LEVEL = "-O";
				VALIDATE_PRODUCT = YES;
			};
			name = Release;
		};
		42FB161420ADF6CF00C2CC12 /* Debug */ = {
			isa = XCBuildConfiguration;
			buildSettings = {
				ASSETCATALOG_COMPILER_APPICON_NAME = AppIcon;
				CLANG_ENABLE_MODULES = YES;
				CODE_SIGN_STYLE = Automatic;
				DEVELOPMENT_TEAM = 4YKD635LXW;
				INFOPLIST_FILE = "$(SRCROOT)/MarvelHeroes/Info.plist";
				LD_RUNPATH_SEARCH_PATHS = "$(inherited) @executable_path/Frameworks";
				PRODUCT_BUNDLE_IDENTIFIER = io.ostanik.MarvelHeroes;
				PRODUCT_NAME = "$(TARGET_NAME)";
				SWIFT_OBJC_BRIDGING_HEADER = "MarvelHeroes/MarvelHeroes-Bridging-Header.h";
				SWIFT_OPTIMIZATION_LEVEL = "-Onone";
				SWIFT_VERSION = 4.0;
				TARGETED_DEVICE_FAMILY = "1,2";
			};
			name = Debug;
		};
		42FB161520ADF6CF00C2CC12 /* Release */ = {
			isa = XCBuildConfiguration;
			buildSettings = {
				ASSETCATALOG_COMPILER_APPICON_NAME = AppIcon;
				CLANG_ENABLE_MODULES = YES;
				CODE_SIGN_STYLE = Automatic;
				DEVELOPMENT_TEAM = 4YKD635LXW;
				INFOPLIST_FILE = "$(SRCROOT)/MarvelHeroes/Info.plist";
				LD_RUNPATH_SEARCH_PATHS = "$(inherited) @executable_path/Frameworks";
				PRODUCT_BUNDLE_IDENTIFIER = io.ostanik.MarvelHeroes;
				PRODUCT_NAME = "$(TARGET_NAME)";
				SWIFT_OBJC_BRIDGING_HEADER = "MarvelHeroes/MarvelHeroes-Bridging-Header.h";
				SWIFT_VERSION = 4.0;
				TARGETED_DEVICE_FAMILY = "1,2";
			};
			name = Release;
		};
		42FB161720ADF6CF00C2CC12 /* Debug */ = {
			isa = XCBuildConfiguration;
			buildSettings = {
				ALWAYS_EMBED_SWIFT_STANDARD_LIBRARIES = YES;
				BUNDLE_LOADER = "$(TEST_HOST)";
				CODE_SIGN_STYLE = Automatic;
				DEVELOPMENT_TEAM = 4YKD635LXW;
				INFOPLIST_FILE = MarvelHeroesTests/Info.plist;
				LD_RUNPATH_SEARCH_PATHS = "$(inherited) @executable_path/Frameworks @loader_path/Frameworks";
				PRODUCT_BUNDLE_IDENTIFIER = io.ostanik.MarvelHeroesTests;
				PRODUCT_NAME = "$(TARGET_NAME)";
				SWIFT_VERSION = 4.0;
				TARGETED_DEVICE_FAMILY = "1,2";
				TEST_HOST = "$(BUILT_PRODUCTS_DIR)/MarvelHeroes.app/MarvelHeroes";
			};
			name = Debug;
		};
		42FB161820ADF6CF00C2CC12 /* Release */ = {
			isa = XCBuildConfiguration;
			buildSettings = {
				ALWAYS_EMBED_SWIFT_STANDARD_LIBRARIES = YES;
				BUNDLE_LOADER = "$(TEST_HOST)";
				CODE_SIGN_STYLE = Automatic;
				DEVELOPMENT_TEAM = 4YKD635LXW;
				INFOPLIST_FILE = MarvelHeroesTests/Info.plist;
				LD_RUNPATH_SEARCH_PATHS = "$(inherited) @executable_path/Frameworks @loader_path/Frameworks";
				PRODUCT_BUNDLE_IDENTIFIER = io.ostanik.MarvelHeroesTests;
				PRODUCT_NAME = "$(TARGET_NAME)";
				SWIFT_VERSION = 4.0;
				TARGETED_DEVICE_FAMILY = "1,2";
				TEST_HOST = "$(BUILT_PRODUCTS_DIR)/MarvelHeroes.app/MarvelHeroes";
			};
			name = Release;
		};
		42FB161A20ADF6CF00C2CC12 /* Debug */ = {
			isa = XCBuildConfiguration;
			buildSettings = {
				ALWAYS_EMBED_SWIFT_STANDARD_LIBRARIES = YES;
				CODE_SIGN_STYLE = Automatic;
				DEVELOPMENT_TEAM = 4YKD635LXW;
				INFOPLIST_FILE = MarvelHeroesUITests/Info.plist;
				LD_RUNPATH_SEARCH_PATHS = "$(inherited) @executable_path/Frameworks @loader_path/Frameworks";
				PRODUCT_BUNDLE_IDENTIFIER = io.ostanik.MarvelHeroesUITests;
				PRODUCT_NAME = "$(TARGET_NAME)";
				SWIFT_VERSION = 4.0;
				TARGETED_DEVICE_FAMILY = "1,2";
				TEST_TARGET_NAME = MarvelHeroes;
			};
			name = Debug;
		};
		42FB161B20ADF6CF00C2CC12 /* Release */ = {
			isa = XCBuildConfiguration;
			buildSettings = {
				ALWAYS_EMBED_SWIFT_STANDARD_LIBRARIES = YES;
				CODE_SIGN_STYLE = Automatic;
				DEVELOPMENT_TEAM = 4YKD635LXW;
				INFOPLIST_FILE = MarvelHeroesUITests/Info.plist;
				LD_RUNPATH_SEARCH_PATHS = "$(inherited) @executable_path/Frameworks @loader_path/Frameworks";
				PRODUCT_BUNDLE_IDENTIFIER = io.ostanik.MarvelHeroesUITests;
				PRODUCT_NAME = "$(TARGET_NAME)";
				SWIFT_VERSION = 4.0;
				TARGETED_DEVICE_FAMILY = "1,2";
				TEST_TARGET_NAME = MarvelHeroes;
			};
			name = Release;
		};
/* End XCBuildConfiguration section */

/* Begin XCConfigurationList section */
		42FB15E620ADF6CD00C2CC12 /* Build configuration list for PBXProject "MarvelHeroes" */ = {
			isa = XCConfigurationList;
			buildConfigurations = (
				42FB161120ADF6CF00C2CC12 /* Debug */,
				42FB161220ADF6CF00C2CC12 /* Release */,
			);
			defaultConfigurationIsVisible = 0;
			defaultConfigurationName = Release;
		};
		42FB161320ADF6CF00C2CC12 /* Build configuration list for PBXNativeTarget "MarvelHeroes" */ = {
			isa = XCConfigurationList;
			buildConfigurations = (
				42FB161420ADF6CF00C2CC12 /* Debug */,
				42FB161520ADF6CF00C2CC12 /* Release */,
			);
			defaultConfigurationIsVisible = 0;
			defaultConfigurationName = Release;
		};
		42FB161620ADF6CF00C2CC12 /* Build configuration list for PBXNativeTarget "MarvelHeroesTests" */ = {
			isa = XCConfigurationList;
			buildConfigurations = (
				42FB161720ADF6CF00C2CC12 /* Debug */,
				42FB161820ADF6CF00C2CC12 /* Release */,
			);
			defaultConfigurationIsVisible = 0;
			defaultConfigurationName = Release;
		};
		42FB161920ADF6CF00C2CC12 /* Build configuration list for PBXNativeTarget "MarvelHeroesUITests" */ = {
			isa = XCConfigurationList;
			buildConfigurations = (
				42FB161A20ADF6CF00C2CC12 /* Debug */,
				42FB161B20ADF6CF00C2CC12 /* Release */,
			);
			defaultConfigurationIsVisible = 0;
			defaultConfigurationName = Release;
		};
/* End XCConfigurationList section */
	};
	rootObject = 42FB15E320ADF6CD00C2CC12 /* Project object */;
}
